
Microsoft Visual Studio Solution File, Format Version 12.00
# Visual Studio Version 17
VisualStudioVersion = 17.0.31903.59
MinimumVisualStudioVersion = 10.0.40219.1
Project("{FAE04EC0-301F-11D3-BF4B-00C04F79EFBC}") = "k3d.Logging.Interface", "k3d.Logging.Interface\k3d.Logging.Interface.csproj", "{B7F62394-5EE5-4914-9D7B-069D0B86FB57}"
EndProject
Project("{FAE04EC0-301F-11D3-BF4B-00C04F79EFBC}") = "k3d.Logging.Impl", "k3d.Logging.Impl\k3d.Logging.Impl.csproj", "{AD294923-6B45-4701-BA63-D68107EFBD3D}"
EndProject
Project("{2150E333-8FDC-42A3-9474-1A3956D46DE8}") = "3dparties", "3dparties", "{73A9761A-E5FD-433D-A208-5E8138F65C36}"
	ProjectSection(SolutionItems) = preProject
		3dparties\k3d.Common.dll = 3dparties\k3d.Common.dll
	EndProjectSection
EndProject
Project("{FAE04EC0-301F-11D3-BF4B-00C04F79EFBC}") = "k3d.Logging.Test", "k3d.Logging.Test\k3d.Logging.Test.csproj", "{FE1B1D65-259C-4E74-9CF0-F2187680E0B2}"
EndProject
Global
	GlobalSection(SolutionConfigurationPlatforms) = preSolution
		Debug|Any CPU = Debug|Any CPU
		Release|Any CPU = Release|Any CPU
	EndGlobalSection
	GlobalSection(ProjectConfigurationPlatforms) = postSolution
		{B7F62394-5EE5-4914-9D7B-069D0B86FB57}.Debug|Any CPU.ActiveCfg = Debug|Any CPU
		{B7F62394-5EE5-4914-9D7B-069D0B86FB57}.Debug|Any CPU.Build.0 = Debug|Any CPU
		{B7F62394-5EE5-4914-9D7B-069D0B86FB57}.Release|Any CPU.ActiveCfg = Release|Any CPU
		{B7F62394-5EE5-4914-9D7B-069D0B86FB57}.Release|Any CPU.Build.0 = Release|Any CPU
		{AD294923-6B45-4701-BA63-D68107EFBD3D}.Debug|Any CPU.ActiveCfg = Debug|Any CPU
		{AD294923-6B45-4701-BA63-D68107EFBD3D}.Debug|Any CPU.Build.0 = Debug|Any CPU
		{AD294923-6B45-4701-BA63-D68107EFBD3D}.Release|Any CPU.ActiveCfg = Release|Any CPU
		{AD294923-6B45-4701-BA63-D68107EFBD3D}.Release|Any CPU.Build.0 = Release|Any CPU
		{FE1B1D65-259C-4E74-9CF0-F2187680E0B2}.Debug|Any CPU.ActiveCfg = Debug|Any CPU
		{FE1B1D65-259C-4E74-9CF0-F2187680E0B2}.Debug|Any CPU.Build.0 = Debug|Any CPU
		{FE1B1D65-259C-4E74-9CF0-F2187680E0B2}.Release|Any CPU.ActiveCfg = Release|Any CPU
		{FE1B1D65-259C-4E74-9CF0-F2187680E0B2}.Release|Any CPU.Build.0 = Release|Any CPU
	EndGlobalSection
	GlobalSection(SolutionProperties) = preSolution
		HideSolutionNode = FALSE
	EndGlobalSection
	GlobalSection(ExtensibilityGlobals) = postSolution
		SolutionGuid = {AB06BB9D-6C80-44A1-A807-FCE756C0B8B8}
	EndGlobalSection
EndGlobal
